
Microsoft Visual Studio Solution File, Format Version 12.00
# Visual Studio Version 17
VisualStudioVersion = 17.3.32929.385
MinimumVisualStudioVersion = 10.0.40219.1
Project("{FAE04EC0-301F-11D3-BF4B-00C04F79EFBC}") = "Assignment.Server", "Assignment\Server\Assignment.Server.csproj", "{840D18D0-0289-4A14-A145-BE851ADAE791}"
EndProject
Project("{FAE04EC0-301F-11D3-BF4B-00C04F79EFBC}") = "Assignment.Client", "Assignment\Client\Assignment.Client.csproj", "{2C34CFA4-115C-47A7-8DF8-84478E89B450}"
EndProject
Project("{FAE04EC0-301F-11D3-BF4B-00C04F79EFBC}") = "Assignment.Shared", "Assignment\Shared\Assignment.Shared.csproj", "{AA9B9C5E-821E-4B5A-8000-6D9B189455EA}"
EndProject
Global
	GlobalSection(SolutionConfigurationPlatforms) = preSolution
		Debug|Any CPU = Debug|Any CPU
		Release|Any CPU = Release|Any CPU
	EndGlobalSection
	GlobalSection(ProjectConfigurationPlatforms) = postSolution
		{840D18D0-0289-4A14-A145-BE851ADAE791}.Debug|Any CPU.ActiveCfg = Debug|Any CPU
		{840D18D0-0289-4A14-A145-BE851ADAE791}.Debug|Any CPU.Build.0 = Debug|Any CPU
		{840D18D0-0289-4A14-A145-BE851ADAE791}.Release|Any CPU.ActiveCfg = Release|Any CPU
		{840D18D0-0289-4A14-A145-BE851ADAE791}.Release|Any CPU.Build.0 = Release|Any CPU
		{2C34CFA4-115C-47A7-8DF8-84478E89B450}.Debug|Any CPU.ActiveCfg = Debug|Any CPU
		{2C34CFA4-115C-47A7-8DF8-84478E89B450}.Debug|Any CPU.Build.0 = Debug|Any CPU
		{2C34CFA4-115C-47A7-8DF8-84478E89B450}.Release|Any CPU.ActiveCfg = Release|Any CPU
		{2C34CFA4-115C-47A7-8DF8-84478E89B450}.Release|Any CPU.Build.0 = Release|Any CPU
		{AA9B9C5E-821E-4B5A-8000-6D9B189455EA}.Debug|Any CPU.ActiveCfg = Debug|Any CPU
		{AA9B9C5E-821E-4B5A-8000-6D9B189455EA}.Debug|Any CPU.Build.0 = Debug|Any CPU
		{AA9B9C5E-821E-4B5A-8000-6D9B189455EA}.Release|Any CPU.ActiveCfg = Release|Any CPU
		{AA9B9C5E-821E-4B5A-8000-6D9B189455EA}.Release|Any CPU.Build.0 = Release|Any CPU
	EndGlobalSection
	GlobalSection(SolutionProperties) = preSolution
		HideSolutionNode = FALSE
	EndGlobalSection
	GlobalSection(ExtensibilityGlobals) = postSolution
		SolutionGuid = {74A1AB08-2882-4EC5-A8F8-34CE4D0FFB07}
	EndGlobalSection
EndGlobal
